
Microsoft Visual Studio Solution File, Format Version 12.00
Project("{FAE04EC0-301F-11D3-BF4B-00C04F79EFBC}") = "SyncMangerApi", "SyncMangerApi.csproj", "{896EA9A8-AE43-494F-A7D3-6B911B9DA15C}"
EndProject
Global
	GlobalSection(SolutionConfigurationPlatforms) = preSolution
		Debug|Any CPU = Debug|Any CPU
		Release|Any CPU = Release|Any CPU
	EndGlobalSection
	GlobalSection(ProjectConfigurationPlatforms) = postSolution
		{896EA9A8-AE43-494F-A7D3-6B911B9DA15C}.Debug|Any CPU.ActiveCfg = Debug|Any CPU
		{896EA9A8-AE43-494F-A7D3-6B911B9DA15C}.Debug|Any CPU.Build.0 = Debug|Any CPU
		{896EA9A8-AE43-494F-A7D3-6B911B9DA15C}.Release|Any CPU.ActiveCfg = Release|Any CPU
		{896EA9A8-AE43-494F-A7D3-6B911B9DA15C}.Release|Any CPU.Build.0 = Release|Any CPU
	EndGlobalSection
EndGlobal
